# THIS IS AN AUTOGENERATED FILE. DO NOT EDIT THIS FILE DIRECTLY.
# yarn lockfile v1


"@gatanaso/pkg-b@^0.1.1":
  version "0.1.1"
  resolved "https://npm.pkg.github.com/download/@gatanaso/pkg-b/0.1.1/fc89424938a0b1a19baea653c8467024472dc85c476f81f764bf0c008320a477#d989eb875ca8414815730e68d85f3c065d068afd"
  integrity sha512-8B96f8CVuzkgDW6HTLZZKHGlkqB2UkH9IV8GTbeeF1Lq3O/rnkTadHOKRrAnvbT/F8GfUIugVLITgf14U7d27Q==
