# THIS IS AN AUTOGENERATED FILE. DO NOT EDIT THIS FILE DIRECTLY.
# yarn lockfile v1


"@gatanaso/pkg-b@^0.1.0":
  version "0.1.0"
  resolved "https://npm.pkg.github.com/download/@gatanaso/pkg-b/0.1.0/7bcfaa743721c0cd7d0d47bf1d298555e366d62845741b3e627feb2114f86dd2#c206db84d6ed618e1202865d6672986594ac5575"
  integrity sha512-BvPWrsp0G105GWHkMv1wjsesdLjENpltvBNSy/cScxJ7NuMe8cYLjoR+TyodHc+2LJASOLgJmcWI4/asjzBFwg==
