# THIS IS AN AUTOGENERATED FILE. DO NOT EDIT THIS FILE DIRECTLY.
# yarn lockfile v1


"@gatanaso/pkg-b@^0.1.0":
  version "0.1.0"
  resolved "https://npm.pkg.github.com/download/@gatanaso/pkg-b/0.1.0/305043de0d8c42d9806678c03530c3facd3141d436992e7d56377b860c66381f#0ae4524e7600db84592b9aed60c4d2b3fedf2446"
  integrity sha512-hjIxYm2gBK98Do1CYPNAdRs0Qall+PBsPHE3vArW8DKLhwzoF2dA+lYOKcyHzzh5EEPzufQLUtlDiwD4fN8mow==
